// !$*UTF8*$!
{
	archiveVersion = 1;
	classes = {
	};
	objectVersion = 46;
	objects = {

/* Begin PBXBuildFile section */
		07F792EB1A2D17AE00ACE12C /* AppDelegate.m in Sources */ = {isa = PBXBuildFile; fileRef = 07F792EA1A2D17AE00ACE12C /* AppDelegate.m */; };
		07F792ED1A2D17AE00ACE12C /* main.m in Sources */ = {isa = PBXBuildFile; fileRef = 07F792EC1A2D17AE00ACE12C /* main.m */; };
		07F792EF1A2D17AE00ACE12C /* Images.xcassets in Resources */ = {isa = PBXBuildFile; fileRef = 07F792EE1A2D17AE00ACE12C /* Images.xcassets */; };
		07F792F21A2D17AE00ACE12C /* MainMenu.xib in Resources */ = {isa = PBXBuildFile; fileRef = 07F792F01A2D17AE00ACE12C /* MainMenu.xib */; };
		07F793091A2D17D100ACE12C /* GWScrollingTextView.m in Sources */ = {isa = PBXBuildFile; fileRef = 07F793081A2D17D100ACE12C /* GWScrollingTextView.m */; };
/* End PBXBuildFile section */

/* Begin PBXFileReference section */
		07F792E41A2D17AE00ACE12C /* objc-scrollingtextview.app */ = {isa = PBXFileReference; explicitFileType = wrapper.application; includeInIndex = 0; path = "objc-scrollingtextview.app"; sourceTree = BUILT_PRODUCTS_DIR; };
		07F792E81A2D17AE00ACE12C /* Info.plist */ = {isa = PBXFileReference; lastKnownFileType = text.plist.xml; path = Info.plist; sourceTree = "<group>"; };
		07F792E91A2D17AE00ACE12C /* AppDelegate.h */ = {isa = PBXFileReference; lastKnownFileType = sourcecode.c.h; path = AppDelegate.h; sourceTree = "<group>"; };
		07F792EA1A2D17AE00ACE12C /* AppDelegate.m */ = {isa = PBXFileReference; lastKnownFileType = sourcecode.c.objc; path = AppDelegate.m; sourceTree = "<group>"; };
		07F792EC1A2D17AE00ACE12C /* main.m */ = {isa = PBXFileReference; lastKnownFileType = sourcecode.c.objc; path = main.m; sourceTree = "<group>"; };
		07F792EE1A2D17AE00ACE12C /* Images.xcassets */ = {isa = PBXFileReference; lastKnownFileType = folder.assetcatalog; path = Images.xcassets; sourceTree = "<group>"; };
		07F792F11A2D17AE00ACE12C /* Base */ = {isa = PBXFileReference; lastKnownFileType = file.xib; name = Base; path = Base.lproj/MainMenu.xib; sourceTree = "<group>"; };
		07F793071A2D17D100ACE12C /* GWScrollingTextView.h */ = {isa = PBXFileReference; fileEncoding = 4; lastKnownFileType = sourcecode.c.h; path = GWScrollingTextView.h; sourceTree = "<group>"; };
		07F793081A2D17D100ACE12C /* GWScrollingTextView.m */ = {isa = PBXFileReference; fileEncoding = 4; lastKnownFileType = sourcecode.c.objc; path = GWScrollingTextView.m; sourceTree = "<group>"; };
/* End PBXFileReference section */

/* Begin PBXFrameworksBuildPhase section */
		07F792E11A2D17AE00ACE12C /* Frameworks */ = {
			isa = PBXFrameworksBuildPhase;
			buildActionMask = 2147483647;
			files = (
			);
			runOnlyForDeploymentPostprocessing = 0;
		};
/* End PBXFrameworksBuildPhase section */

/* Begin PBXGroup section */
		07F792DB1A2D17AE00ACE12C = {
			isa = PBXGroup;
			children = (
				07F792E61A2D17AE00ACE12C /* objc-scrollingtextview */,
				07F792E51A2D17AE00ACE12C /* Products */,
			);
			sourceTree = "<group>";
		};
		07F792E51A2D17AE00ACE12C /* Products */ = {
			isa = PBXGroup;
			children = (
				07F792E41A2D17AE00ACE12C /* objc-scrollingtextview.app */,
			);
			name = Products;
			sourceTree = "<group>";
		};
		07F792E61A2D17AE00ACE12C /* objc-scrollingtextview */ = {
			isa = PBXGroup;
			children = (
				07F792E91A2D17AE00ACE12C /* AppDelegate.h */,
				07F792EA1A2D17AE00ACE12C /* AppDelegate.m */,
				07F793071A2D17D100ACE12C /* GWScrollingTextView.h */,
				07F793081A2D17D100ACE12C /* GWScrollingTextView.m */,
				07F792EE1A2D17AE00ACE12C /* Images.xcassets */,
				07F792F01A2D17AE00ACE12C /* MainMenu.xib */,
				07F792E71A2D17AE00ACE12C /* Supporting Files */,
			);
			path = "objc-scrollingtextview";
			sourceTree = "<group>";
		};
		07F792E71A2D17AE00ACE12C /* Supporting Files */ = {
			isa = PBXGroup;
			children = (
				07F792E81A2D17AE00ACE12C /* Info.plist */,
				07F792EC1A2D17AE00ACE12C /* main.m */,
			);
			name = "Supporting Files";
			sourceTree = "<group>";
		};
/* End PBXGroup section */

/* Begin PBXNativeTarget section */
		07F792E31A2D17AE00ACE12C /* objc-scrollingtextview */ = {
			isa = PBXNativeTarget;
			buildConfigurationList = 07F793011A2D17AE00ACE12C /* Build configuration list for PBXNativeTarget "objc-scrollingtextview" */;
			buildPhases = (
				07F792E01A2D17AE00ACE12C /* Sources */,
				07F792E11A2D17AE00ACE12C /* Frameworks */,
				07F792E21A2D17AE00ACE12C /* Resources */,
			);
			buildRules = (
			);
			dependencies = (
			);
			name = "objc-scrollingtextview";
			productName = "objc-scrollingtextview";
			productReference = 07F792E41A2D17AE00ACE12C /* objc-scrollingtextview.app */;
			productType = "com.apple.product-type.application";
		};
/* End PBXNativeTarget section */

/* Begin PBXProject section */
		07F792DC1A2D17AE00ACE12C /* Project object */ = {
			isa = PBXProject;
			attributes = {
				LastUpgradeCheck = 0610;
				ORGANIZATIONNAME = gngrwzrd;
				TargetAttributes = {
					07F792E31A2D17AE00ACE12C = {
						CreatedOnToolsVersion = 6.1;
					};
				};
			};
			buildConfigurationList = 07F792DF1A2D17AE00ACE12C /* Build configuration list for PBXProject "objc-scrollingtextview" */;
			compatibilityVersion = "Xcode 3.2";
			developmentRegion = English;
			hasScannedForEncodings = 0;
			knownRegions = (
				en,
				Base,
			);
			mainGroup = 07F792DB1A2D17AE00ACE12C;
			productRefGroup = 07F792E51A2D17AE00ACE12C /* Products */;
			projectDirPath = "";
			projectRoot = "";
			targets = (
				07F792E31A2D17AE00ACE12C /* objc-scrollingtextview */,
			);
		};
/* End PBXProject section */

/* Begin PBXResourcesBuildPhase section */
		07F792E21A2D17AE00ACE12C /* Resources */ = {
			isa = PBXResourcesBuildPhase;
			buildActionMask = 2147483647;
			files = (
				07F792EF1A2D17AE00ACE12C /* Images.xcassets in Resources */,
				07F792F21A2D17AE00ACE12C /* MainMenu.xib in Resources */,
			);
			runOnlyForDeploymentPostprocessing = 0;
		};
/* End PBXResourcesBuildPhase section */

/* Begin PBXSourcesBuildPhase section */
		07F792E01A2D17AE00ACE12C /* Sources */ = {
			isa = PBXSourcesBuildPhase;
			buildActionMask = 2147483647;
			files = (
				07F793091A2D17D100ACE12C /* GWScrollingTextView.m in Sources */,
				07F792ED1A2D17AE00ACE12C /* main.m in Sources */,
				07F792EB1A2D17AE00ACE12C /* AppDelegate.m in Sources */,
			);
			runOnlyForDeploymentPostprocessing = 0;
		};
/* End PBXSourcesBuildPhase section */

/* Begin PBXVariantGroup section */
		07F792F01A2D17AE00ACE12C /* MainMenu.xib */ = {
			isa = PBXVariantGroup;
			children = (
				07F792F11A2D17AE00ACE12C /* Base */,
			);
			name = MainMenu.xib;
			sourceTree = "<group>";
		};
/* End PBXVariantGroup section */

/* Begin XCBuildConfiguration section */
		07F792FF1A2D17AE00ACE12C /* Debug */ = {
			isa = XCBuildConfiguration;
			buildSettings = {
				ALWAYS_SEARCH_USER_PATHS = NO;
				CLANG_CXX_LANGUAGE_STANDARD = "gnu++0x";
				CLANG_CXX_LIBRARY = "libc++";
				CLANG_ENABLE_MODULES = YES;
				CLANG_ENABLE_OBJC_ARC = YES;
				CLANG_WARN_BOOL_CONVERSION = YES;
				CLANG_WARN_CONSTANT_CONVERSION = YES;
				CLANG_WARN_DIRECT_OBJC_ISA_USAGE = YES_ERROR;
				CLANG_WARN_EMPTY_BODY = YES;
				CLANG_WARN_ENUM_CONVERSION = YES;
				CLANG_WARN_INT_CONVERSION = YES;
				CLANG_WARN_OBJC_ROOT_CLASS = YES_ERROR;
				CLANG_WARN_UNREACHABLE_CODE = YES;
				CLANG_WARN__DUPLICATE_METHOD_MATCH = YES;
				CODE_SIGN_IDENTITY = "-";
				COPY_PHASE_STRIP = NO;
				ENABLE_STRICT_OBJC_MSGSEND = YES;
				GCC_C_LANGUAGE_STANDARD = gnu99;
				GCC_DYNAMIC_NO_PIC = NO;
				GCC_OPTIMIZATION_LEVEL = 0;
				GCC_PREPROCESSOR_DEFINITIONS = (
					"DEBUG=1",
					"$(inherited)",
				);
				GCC_SYMBOLS_PRIVATE_EXTERN = NO;
				GCC_WARN_64_TO_32_BIT_CONVERSION = YES;
				GCC_WARN_ABOUT_RETURN_TYPE = YES_ERROR;
				GCC_WARN_UNDECLARED_SELECTOR = YES;
				GCC_WARN_UNINITIALIZED_AUTOS = YES_AGGRESSIVE;
				GCC_WARN_UNUSED_FUNCTION = YES;
				GCC_WARN_UNUSED_VARIABLE = YES;
				MACOSX_DEPLOYMENT_TARGET = 10.10;
				MTL_ENABLE_DEBUG_INFO = YES;
				ONLY_ACTIVE_ARCH = YES;
				SDKROOT = macosx;
			};
			name = Debug;
		};
		07F793001A2D17AE00ACE12C /* Release */ = {
			isa = XCBuildConfiguration;
			buildSettings = {
				ALWAYS_SEARCH_USER_PATHS = NO;
				CLANG_CXX_LANGUAGE_STANDARD = "gnu++0x";
				CLANG_CXX_LIBRARY = "libc++";
				CLANG_ENABLE_MODULES = YES;
				CLANG_ENABLE_OBJC_ARC = YES;
				CLANG_WARN_BOOL_CONVERSION = YES;
				CLANG_WARN_CONSTANT_CONVERSION = YES;
				CLANG_WARN_DIRECT_OBJC_ISA_USAGE = YES_ERROR;
				CLANG_WARN_EMPTY_BODY = YES;
				CLANG_WARN_ENUM_CONVERSION = YES;
				CLANG_WARN_INT_CONVERSION = YES;
				CLANG_WARN_OBJC_ROOT_CLASS = YES_ERROR;
				CLANG_WARN_UNREACHABLE_CODE = YES;
				CLANG_WARN__DUPLICATE_METHOD_MATCH = YES;
				CODE_SIGN_IDENTITY = "-";
				COPY_PHASE_STRIP = YES;
				DEBUG_INFORMATION_FORMAT = "dwarf-with-dsym";
				ENABLE_NS_ASSERTIONS = NO;
				ENABLE_STRICT_OBJC_MSGSEND = YES;
				GCC_C_LANGUAGE_STANDARD = gnu99;
				GCC_WARN_64_TO_32_BIT_CONVERSION = YES;
				GCC_WARN_ABOUT_RETURN_TYPE = YES_ERROR;
				GCC_WARN_UNDECLARED_SELECTOR = YES;
				GCC_WARN_UNINITIALIZED_AUTOS = YES_AGGRESSIVE;
				GCC_WARN_UNUSED_FUNCTION = YES;
				GCC_WARN_UNUSED_VARIABLE = YES;
				MACOSX_DEPLOYMENT_TARGET = 10.10;
				MTL_ENABLE_DEBUG_INFO = NO;
				SDKROOT = macosx;
			};
			name = Release;
		};
		07F793021A2D17AE00ACE12C /* Debug */ = {
			isa = XCBuildConfiguration;
			buildSettings = {
				ASSETCATALOG_COMPILER_APPICON_NAME = AppIcon;
				COMBINE_HIDPI_IMAGES = YES;
				INFOPLIST_FILE = "objc-scrollingtextview/Info.plist";
				LD_RUNPATH_SEARCH_PATHS = "$(inherited) @executable_path/../Frameworks";
				PRODUCT_NAME = "$(TARGET_NAME)";
			};
			name = Debug;
		};
		07F793031A2D17AE00ACE12C /* Release */ = {
			isa = XCBuildConfiguration;
			buildSettings = {
				ASSETCATALOG_COMPILER_APPICON_NAME = AppIcon;
				COMBINE_HIDPI_IMAGES = YES;
				INFOPLIST_FILE = "objc-scrollingtextview/Info.plist";
				LD_RUNPATH_SEARCH_PATHS = "$(inherited) @executable_path/../Frameworks";
				PRODUCT_NAME = "$(TARGET_NAME)";
			};
			name = Release;
		};
/* End XCBuildConfiguration section */

/* Begin XCConfigurationList section */
		07F792DF1A2D17AE00ACE12C /* Build configuration list for PBXProject "objc-scrollingtextview" */ = {
			isa = XCConfigurationList;
			buildConfigurations = (
				07F792FF1A2D17AE00ACE12C /* Debug */,
				07F793001A2D17AE00ACE12C /* Release */,
			);
			defaultConfigurationIsVisible = 0;
			defaultConfigurationName = Release;
		};
		07F793011A2D17AE00ACE12C /* Build configuration list for PBXNativeTarget "objc-scrollingtextview" */ = {
			isa = XCConfigurationList;
			buildConfigurations = (
				07F793021A2D17AE00ACE12C /* Debug */,
				07F793031A2D17AE00ACE12C /* Release */,
			);
			defaultConfigurationIsVisible = 0;
		};
/* End XCConfigurationList section */
	};
	rootObject = 07F792DC1A2D17AE00ACE12C /* Project object */;
}
